
Microsoft Visual Studio Solution File, Format Version 12.00
# Visual Studio Version 16
VisualStudioVersion = 16.0.29728.190
MinimumVisualStudioVersion = 10.0.40219.1
Project("{FAE04EC0-301F-11D3-BF4B-00C04F79EFBC}") = "ögr_kayıt", "ögr_kayıt\ögr_kayıt.csproj", "{B2089646-BDC9-43E7-BE74-6768D87409EA}"
EndProject
Global
	GlobalSection(SolutionConfigurationPlatforms) = preSolution
		Debug|Any CPU = Debug|Any CPU
		Release|Any CPU = Release|Any CPU
	EndGlobalSection
	GlobalSection(ProjectConfigurationPlatforms) = postSolution
		{B2089646-BDC9-43E7-BE74-6768D87409EA}.Debug|Any CPU.ActiveCfg = Debug|Any CPU
		{B2089646-BDC9-43E7-BE74-6768D87409EA}.Debug|Any CPU.Build.0 = Debug|Any CPU
		{B2089646-BDC9-43E7-BE74-6768D87409EA}.Release|Any CPU.ActiveCfg = Release|Any CPU
		{B2089646-BDC9-43E7-BE74-6768D87409EA}.Release|Any CPU.Build.0 = Release|Any CPU
	EndGlobalSection
	GlobalSection(SolutionProperties) = preSolution
		HideSolutionNode = FALSE
	EndGlobalSection
	GlobalSection(ExtensibilityGlobals) = postSolution
		SolutionGuid = {ACE500F6-F6F1-40D8-872B-0D6E48BA8BDE}
	EndGlobalSection
EndGlobal
