
Microsoft Visual Studio Solution File, Format Version 12.00
# Visual Studio Version 16
VisualStudioVersion = 16.0.29728.190
MinimumVisualStudioVersion = 10.0.40219.1
Project("{FAE04EC0-301F-11D3-BF4B-00C04F79EFBC}") = "combobox_kullanımı", "combobox_kullanımı\combobox_kullanımı.csproj", "{57AE02D6-879D-4F45-9907-D978D96B2371}"
EndProject
Global
	GlobalSection(SolutionConfigurationPlatforms) = preSolution
		Debug|Any CPU = Debug|Any CPU
		Release|Any CPU = Release|Any CPU
	EndGlobalSection
	GlobalSection(ProjectConfigurationPlatforms) = postSolution
		{57AE02D6-879D-4F45-9907-D978D96B2371}.Debug|Any CPU.ActiveCfg = Debug|Any CPU
		{57AE02D6-879D-4F45-9907-D978D96B2371}.Debug|Any CPU.Build.0 = Debug|Any CPU
		{57AE02D6-879D-4F45-9907-D978D96B2371}.Release|Any CPU.ActiveCfg = Release|Any CPU
		{57AE02D6-879D-4F45-9907-D978D96B2371}.Release|Any CPU.Build.0 = Release|Any CPU
	EndGlobalSection
	GlobalSection(SolutionProperties) = preSolution
		HideSolutionNode = FALSE
	EndGlobalSection
	GlobalSection(ExtensibilityGlobals) = postSolution
		SolutionGuid = {AE4DD337-80A4-4BB5-8294-A2FCA0E3687F}
	EndGlobalSection
EndGlobal
