
Microsoft Visual Studio Solution File, Format Version 12.00
# Visual Studio Version 16
VisualStudioVersion = 16.0.29728.190
MinimumVisualStudioVersion = 10.0.40219.1
Project("{FAE04EC0-301F-11D3-BF4B-00C04F79EFBC}") = "mezuniyet_örnek", "mezuniyet_örnek\mezuniyet_örnek.csproj", "{EF635697-7CA4-4C7D-9EC9-89C1643E797D}"
EndProject
Global
	GlobalSection(SolutionConfigurationPlatforms) = preSolution
		Debug|Any CPU = Debug|Any CPU
		Release|Any CPU = Release|Any CPU
	EndGlobalSection
	GlobalSection(ProjectConfigurationPlatforms) = postSolution
		{EF635697-7CA4-4C7D-9EC9-89C1643E797D}.Debug|Any CPU.ActiveCfg = Debug|Any CPU
		{EF635697-7CA4-4C7D-9EC9-89C1643E797D}.Debug|Any CPU.Build.0 = Debug|Any CPU
		{EF635697-7CA4-4C7D-9EC9-89C1643E797D}.Release|Any CPU.ActiveCfg = Release|Any CPU
		{EF635697-7CA4-4C7D-9EC9-89C1643E797D}.Release|Any CPU.Build.0 = Release|Any CPU
	EndGlobalSection
	GlobalSection(SolutionProperties) = preSolution
		HideSolutionNode = FALSE
	EndGlobalSection
	GlobalSection(ExtensibilityGlobals) = postSolution
		SolutionGuid = {2DBBDDB6-DDC0-4300-A99E-9D8ED2E8493F}
	EndGlobalSection
EndGlobal
